
Microsoft Visual Studio Solution File, Format Version 12.00
# Visual Studio Version 17
VisualStudioVersion = 17.0.31903.59
MinimumVisualStudioVersion = 10.0.40219.1
Project("{FAE04EC0-301F-11D3-BF4B-00C04F79EFBC}") = "RainyManager", "RainyManager.csproj", "{956E409B-4C31-4A2C-A9CC-128B096A5110}"
EndProject
Project("{2150E333-8FDC-42A3-9474-1A3956D46DE8}") = "Solution Items", "Solution Items", "{D5CCCF77-6E74-4187-8F23-77577EDB634F}"
	ProjectSection(SolutionItems) = preProject
		.editorconfig = .editorconfig
	EndProjectSection
EndProject
Global
	GlobalSection(SolutionConfigurationPlatforms) = preSolution
		Debug|Any CPU = Debug|Any CPU
		Release|Any CPU = Release|Any CPU
	EndGlobalSection
	GlobalSection(ProjectConfigurationPlatforms) = postSolution
		{956E409B-4C31-4A2C-A9CC-128B096A5110}.Debug|Any CPU.ActiveCfg = Debug|Any CPU
		{956E409B-4C31-4A2C-A9CC-128B096A5110}.Debug|Any CPU.Build.0 = Debug|Any CPU
		{956E409B-4C31-4A2C-A9CC-128B096A5110}.Release|Any CPU.ActiveCfg = Release|Any CPU
		{956E409B-4C31-4A2C-A9CC-128B096A5110}.Release|Any CPU.Build.0 = Release|Any CPU
	EndGlobalSection
	GlobalSection(SolutionProperties) = preSolution
		HideSolutionNode = FALSE
	EndGlobalSection
	GlobalSection(ExtensibilityGlobals) = postSolution
		SolutionGuid = {0A81AE38-14A4-4B75-AB59-7DD6462330A1}
	EndGlobalSection
EndGlobal
